
Microsoft Visual Studio Solution File, Format Version 12.00
# Visual Studio Version 17
VisualStudioVersion = 17.0.31912.275
MinimumVisualStudioVersion = 10.0.40219.1
Project("{8BC9CEB8-8B4A-11D0-8D11-00A0C91BC942}") = "OperaThemeMaker", "OperaThemeMaker\OperaThemeMaker.vcxproj", "{9CD8616F-C36D-451B-A077-7F8FB049B2DB}"
EndProject
Project("{8BC9CEB8-8B4A-11D0-8D11-00A0C91BC942}") = "HawtLib", "External\HawtLib\HawtLib\HawtLib.vcxproj", "{901DD5A3-EFC2-46F5-B6BB-E2C44266B816}"
EndProject
Project("{8BC9CEB8-8B4A-11D0-8D11-00A0C91BC942}") = "ffmpeg-cpp", "External\ffmpeg-cpp\source\ffmpeg-cpp\ffmpeg-cpp\ffmpeg-cpp.vcxproj", "{BABFD64D-9BF1-4328-B977-24BF81800620}"
EndProject
Global
	GlobalSection(SolutionConfigurationPlatforms) = preSolution
		Debug_DLL|x64 = Debug_DLL|x64
		Debug_DLL|x86 = Debug_DLL|x86
		Debug_Static|x64 = Debug_Static|x64
		Debug_Static|x86 = Debug_Static|x86
		Debug|x64 = Debug|x64
		Debug|x86 = Debug|x86
		Release_DLL|x64 = Release_DLL|x64
		Release_DLL|x86 = Release_DLL|x86
		Release_Static|x64 = Release_Static|x64
		Release_Static|x86 = Release_Static|x86
		Release|x64 = Release|x64
		Release|x86 = Release|x86
	EndGlobalSection
	GlobalSection(ProjectConfigurationPlatforms) = postSolution
		{9CD8616F-C36D-451B-A077-7F8FB049B2DB}.Debug_DLL|x64.ActiveCfg = Debug|x64
		{9CD8616F-C36D-451B-A077-7F8FB049B2DB}.Debug_DLL|x64.Build.0 = Debug|x64
		{9CD8616F-C36D-451B-A077-7F8FB049B2DB}.Debug_DLL|x86.ActiveCfg = Debug|Win32
		{9CD8616F-C36D-451B-A077-7F8FB049B2DB}.Debug_DLL|x86.Build.0 = Debug|Win32
		{9CD8616F-C36D-451B-A077-7F8FB049B2DB}.Debug_Static|x64.ActiveCfg = Debug|x64
		{9CD8616F-C36D-451B-A077-7F8FB049B2DB}.Debug_Static|x64.Build.0 = Debug|x64
		{9CD8616F-C36D-451B-A077-7F8FB049B2DB}.Debug_Static|x86.ActiveCfg = Debug|Win32
		{9CD8616F-C36D-451B-A077-7F8FB049B2DB}.Debug_Static|x86.Build.0 = Debug|Win32
		{9CD8616F-C36D-451B-A077-7F8FB049B2DB}.Debug|x64.ActiveCfg = Debug|x64
		{9CD8616F-C36D-451B-A077-7F8FB049B2DB}.Debug|x64.Build.0 = Debug|x64
		{9CD8616F-C36D-451B-A077-7F8FB049B2DB}.Debug|x86.ActiveCfg = Debug|Win32
		{9CD8616F-C36D-451B-A077-7F8FB049B2DB}.Debug|x86.Build.0 = Debug|Win32
		{9CD8616F-C36D-451B-A077-7F8FB049B2DB}.Release_DLL|x64.ActiveCfg = Release|x64
		{9CD8616F-C36D-451B-A077-7F8FB049B2DB}.Release_DLL|x64.Build.0 = Release|x64
		{9CD8616F-C36D-451B-A077-7F8FB049B2DB}.Release_DLL|x86.ActiveCfg = Release|Win32
		{9CD8616F-C36D-451B-A077-7F8FB049B2DB}.Release_DLL|x86.Build.0 = Release|Win32
		{9CD8616F-C36D-451B-A077-7F8FB049B2DB}.Release_Static|x64.ActiveCfg = Release|x64
		{9CD8616F-C36D-451B-A077-7F8FB049B2DB}.Release_Static|x64.Build.0 = Release|x64
		{9CD8616F-C36D-451B-A077-7F8FB049B2DB}.Release_Static|x86.ActiveCfg = Release|Win32
		{9CD8616F-C36D-451B-A077-7F8FB049B2DB}.Release_Static|x86.Build.0 = Release|Win32
		{9CD8616F-C36D-451B-A077-7F8FB049B2DB}.Release|x64.ActiveCfg = Release|x64
		{9CD8616F-C36D-451B-A077-7F8FB049B2DB}.Release|x64.Build.0 = Release|x64
		{9CD8616F-C36D-451B-A077-7F8FB049B2DB}.Release|x86.ActiveCfg = Release|Win32
		{9CD8616F-C36D-451B-A077-7F8FB049B2DB}.Release|x86.Build.0 = Release|Win32
		{901DD5A3-EFC2-46F5-B6BB-E2C44266B816}.Debug_DLL|x64.ActiveCfg = Debug_DLL|x64
		{901DD5A3-EFC2-46F5-B6BB-E2C44266B816}.Debug_DLL|x64.Build.0 = Debug_DLL|x64
		{901DD5A3-EFC2-46F5-B6BB-E2C44266B816}.Debug_DLL|x86.ActiveCfg = Debug_DLL|Win32
		{901DD5A3-EFC2-46F5-B6BB-E2C44266B816}.Debug_DLL|x86.Build.0 = Debug_DLL|Win32
		{901DD5A3-EFC2-46F5-B6BB-E2C44266B816}.Debug_Static|x64.ActiveCfg = Debug_Static|x64
		{901DD5A3-EFC2-46F5-B6BB-E2C44266B816}.Debug_Static|x64.Build.0 = Debug_Static|x64
		{901DD5A3-EFC2-46F5-B6BB-E2C44266B816}.Debug_Static|x86.ActiveCfg = Debug_Static|Win32
		{901DD5A3-EFC2-46F5-B6BB-E2C44266B816}.Debug_Static|x86.Build.0 = Debug_Static|Win32
		{901DD5A3-EFC2-46F5-B6BB-E2C44266B816}.Debug|x64.ActiveCfg = Debug_DLL|x64
		{901DD5A3-EFC2-46F5-B6BB-E2C44266B816}.Debug|x64.Build.0 = Debug_DLL|x64
		{901DD5A3-EFC2-46F5-B6BB-E2C44266B816}.Debug|x86.ActiveCfg = Debug_DLL|Win32
		{901DD5A3-EFC2-46F5-B6BB-E2C44266B816}.Debug|x86.Build.0 = Debug_DLL|Win32
		{901DD5A3-EFC2-46F5-B6BB-E2C44266B816}.Release_DLL|x64.ActiveCfg = Release_DLL|x64
		{901DD5A3-EFC2-46F5-B6BB-E2C44266B816}.Release_DLL|x64.Build.0 = Release_DLL|x64
		{901DD5A3-EFC2-46F5-B6BB-E2C44266B816}.Release_DLL|x86.ActiveCfg = Release_DLL|Win32
		{901DD5A3-EFC2-46F5-B6BB-E2C44266B816}.Release_DLL|x86.Build.0 = Release_DLL|Win32
		{901DD5A3-EFC2-46F5-B6BB-E2C44266B816}.Release_Static|x64.ActiveCfg = Release_Static|x64
		{901DD5A3-EFC2-46F5-B6BB-E2C44266B816}.Release_Static|x64.Build.0 = Release_Static|x64
		{901DD5A3-EFC2-46F5-B6BB-E2C44266B816}.Release_Static|x86.ActiveCfg = Release_Static|Win32
		{901DD5A3-EFC2-46F5-B6BB-E2C44266B816}.Release_Static|x86.Build.0 = Release_Static|Win32
		{901DD5A3-EFC2-46F5-B6BB-E2C44266B816}.Release|x64.ActiveCfg = Release_DLL|x64
		{901DD5A3-EFC2-46F5-B6BB-E2C44266B816}.Release|x64.Build.0 = Release_DLL|x64
		{901DD5A3-EFC2-46F5-B6BB-E2C44266B816}.Release|x86.ActiveCfg = Release_DLL|Win32
		{901DD5A3-EFC2-46F5-B6BB-E2C44266B816}.Release|x86.Build.0 = Release_DLL|Win32
		{BABFD64D-9BF1-4328-B977-24BF81800620}.Debug_DLL|x64.ActiveCfg = Debug|x64
		{BABFD64D-9BF1-4328-B977-24BF81800620}.Debug_DLL|x64.Build.0 = Debug|x64
		{BABFD64D-9BF1-4328-B977-24BF81800620}.Debug_DLL|x86.ActiveCfg = Debug|Win32
		{BABFD64D-9BF1-4328-B977-24BF81800620}.Debug_DLL|x86.Build.0 = Debug|Win32
		{BABFD64D-9BF1-4328-B977-24BF81800620}.Debug_Static|x64.ActiveCfg = Debug|x64
		{BABFD64D-9BF1-4328-B977-24BF81800620}.Debug_Static|x64.Build.0 = Debug|x64
		{BABFD64D-9BF1-4328-B977-24BF81800620}.Debug_Static|x86.ActiveCfg = Debug|Win32
		{BABFD64D-9BF1-4328-B977-24BF81800620}.Debug_Static|x86.Build.0 = Debug|Win32
		{BABFD64D-9BF1-4328-B977-24BF81800620}.Debug|x64.ActiveCfg = Debug|x64
		{BABFD64D-9BF1-4328-B977-24BF81800620}.Debug|x64.Build.0 = Debug|x64
		{BABFD64D-9BF1-4328-B977-24BF81800620}.Debug|x86.ActiveCfg = Debug|Win32
		{BABFD64D-9BF1-4328-B977-24BF81800620}.Debug|x86.Build.0 = Debug|Win32
		{BABFD64D-9BF1-4328-B977-24BF81800620}.Release_DLL|x64.ActiveCfg = Release|x64
		{BABFD64D-9BF1-4328-B977-24BF81800620}.Release_DLL|x64.Build.0 = Release|x64
		{BABFD64D-9BF1-4328-B977-24BF81800620}.Release_DLL|x86.ActiveCfg = Release|Win32
		{BABFD64D-9BF1-4328-B977-24BF81800620}.Release_DLL|x86.Build.0 = Release|Win32
		{BABFD64D-9BF1-4328-B977-24BF81800620}.Release_Static|x64.ActiveCfg = Release|x64
		{BABFD64D-9BF1-4328-B977-24BF81800620}.Release_Static|x64.Build.0 = Release|x64
		{BABFD64D-9BF1-4328-B977-24BF81800620}.Release_Static|x86.ActiveCfg = Release|Win32
		{BABFD64D-9BF1-4328-B977-24BF81800620}.Release_Static|x86.Build.0 = Release|Win32
		{BABFD64D-9BF1-4328-B977-24BF81800620}.Release|x64.ActiveCfg = Release|x64
		{BABFD64D-9BF1-4328-B977-24BF81800620}.Release|x64.Build.0 = Release|x64
		{BABFD64D-9BF1-4328-B977-24BF81800620}.Release|x86.ActiveCfg = Release|Win32
		{BABFD64D-9BF1-4328-B977-24BF81800620}.Release|x86.Build.0 = Release|Win32
	EndGlobalSection
	GlobalSection(SolutionProperties) = preSolution
		HideSolutionNode = FALSE
	EndGlobalSection
	GlobalSection(ExtensibilityGlobals) = postSolution
		SolutionGuid = {B9DB0EEC-F2EB-4B74-9202-58E780B03404}
	EndGlobalSection
EndGlobal
